
Microsoft Visual Studio Solution File, Format Version 12.00
# Visual Studio 15
Project("{FAE04EC0-301F-11D3-BF4B-00C04F79EFBC}") = "Assembly-CSharp", "Assembly-CSharp.csproj", "{34570C35-71FD-3117-D2FC-2819149AA6D5}"
EndProject
Global
	GlobalSection(SolutionConfigurationPlatforms) = preSolution
		Debug|Any CPU = Debug|Any CPU
		Release|Any CPU = Release|Any CPU
	EndGlobalSection
	GlobalSection(ProjectConfigurationPlatforms) = postSolution
		{34570C35-71FD-3117-D2FC-2819149AA6D5}.Debug|Any CPU.ActiveCfg = Debug|Any CPU
		{34570C35-71FD-3117-D2FC-2819149AA6D5}.Debug|Any CPU.Build.0 = Debug|Any CPU
		{34570C35-71FD-3117-D2FC-2819149AA6D5}.Release|Any CPU.ActiveCfg = Release|Any CPU
		{34570C35-71FD-3117-D2FC-2819149AA6D5}.Release|Any CPU.Build.0 = Release|Any CPU
	EndGlobalSection
	GlobalSection(SolutionProperties) = preSolution
		HideSolutionNode = FALSE
	EndGlobalSection
EndGlobal
